
Microsoft Visual Studio Solution File, Format Version 12.00
# Visual Studio 14
VisualStudioVersion = 14.0.25420.1
MinimumVisualStudioVersion = 10.0.40219.1
Project("{FAE04EC0-301F-11D3-BF4B-00C04F79EFBC}") = "CchWebAPI.Tests", "..\CchWebAPI\CchWebAPI.Tests\CchWebAPI.Tests.csproj", "{E02C588D-7B81-4362-8F00-8712E838AE68}"
EndProject
Project("{FAE04EC0-301F-11D3-BF4B-00C04F79EFBC}") = "CchWebAPI", "..\CchWebAPI\CchWebAPI\CchWebAPI.csproj", "{496A906C-0E46-4C22-B854-84242D8264AA}"
EndProject
Project("{FAE04EC0-301F-11D3-BF4B-00C04F79EFBC}") = "DynamicAnimation", "..\CCH Animations\DynamicAnimation\DynamicAnimation\DynamicAnimation.csproj", "{C0E79067-EC83-4EEC-88D9-B913282D9D47}"
EndProject
Global
	GlobalSection(SolutionConfigurationPlatforms) = preSolution
		Debug|Any CPU = Debug|Any CPU
		Dev|Any CPU = Dev|Any CPU
		Processing|Any CPU = Processing|Any CPU
		Production|Any CPU = Production|Any CPU
		Release|Any CPU = Release|Any CPU
		Staging|Any CPU = Staging|Any CPU
		Test|Any CPU = Test|Any CPU
	EndGlobalSection
	GlobalSection(ProjectConfigurationPlatforms) = postSolution
		{E02C588D-7B81-4362-8F00-8712E838AE68}.Debug|Any CPU.ActiveCfg = Debug|Any CPU
		{E02C588D-7B81-4362-8F00-8712E838AE68}.Debug|Any CPU.Build.0 = Debug|Any CPU
		{E02C588D-7B81-4362-8F00-8712E838AE68}.Dev|Any CPU.ActiveCfg = Dev|Any CPU
		{E02C588D-7B81-4362-8F00-8712E838AE68}.Dev|Any CPU.Build.0 = Dev|Any CPU
		{E02C588D-7B81-4362-8F00-8712E838AE68}.Processing|Any CPU.ActiveCfg = Processing|Any CPU
		{E02C588D-7B81-4362-8F00-8712E838AE68}.Processing|Any CPU.Build.0 = Processing|Any CPU
		{E02C588D-7B81-4362-8F00-8712E838AE68}.Production|Any CPU.ActiveCfg = Production|Any CPU
		{E02C588D-7B81-4362-8F00-8712E838AE68}.Production|Any CPU.Build.0 = Production|Any CPU
		{E02C588D-7B81-4362-8F00-8712E838AE68}.Release|Any CPU.ActiveCfg = Release|Any CPU
		{E02C588D-7B81-4362-8F00-8712E838AE68}.Release|Any CPU.Build.0 = Release|Any CPU
		{E02C588D-7B81-4362-8F00-8712E838AE68}.Staging|Any CPU.ActiveCfg = Staging|Any CPU
		{E02C588D-7B81-4362-8F00-8712E838AE68}.Staging|Any CPU.Build.0 = Staging|Any CPU
		{E02C588D-7B81-4362-8F00-8712E838AE68}.Test|Any CPU.ActiveCfg = Test|Any CPU
		{E02C588D-7B81-4362-8F00-8712E838AE68}.Test|Any CPU.Build.0 = Test|Any CPU
		{496A906C-0E46-4C22-B854-84242D8264AA}.Debug|Any CPU.ActiveCfg = Debug|Any CPU
		{496A906C-0E46-4C22-B854-84242D8264AA}.Debug|Any CPU.Build.0 = Debug|Any CPU
		{496A906C-0E46-4C22-B854-84242D8264AA}.Dev|Any CPU.ActiveCfg = Dev|Any CPU
		{496A906C-0E46-4C22-B854-84242D8264AA}.Dev|Any CPU.Build.0 = Dev|Any CPU
		{496A906C-0E46-4C22-B854-84242D8264AA}.Processing|Any CPU.ActiveCfg = Processing|Any CPU
		{496A906C-0E46-4C22-B854-84242D8264AA}.Processing|Any CPU.Build.0 = Processing|Any CPU
		{496A906C-0E46-4C22-B854-84242D8264AA}.Production|Any CPU.ActiveCfg = Production|Any CPU
		{496A906C-0E46-4C22-B854-84242D8264AA}.Production|Any CPU.Build.0 = Production|Any CPU
		{496A906C-0E46-4C22-B854-84242D8264AA}.Release|Any CPU.ActiveCfg = Release|Any CPU
		{496A906C-0E46-4C22-B854-84242D8264AA}.Release|Any CPU.Build.0 = Release|Any CPU
		{496A906C-0E46-4C22-B854-84242D8264AA}.Staging|Any CPU.ActiveCfg = Staging|Any CPU
		{496A906C-0E46-4C22-B854-84242D8264AA}.Staging|Any CPU.Build.0 = Staging|Any CPU
		{496A906C-0E46-4C22-B854-84242D8264AA}.Test|Any CPU.ActiveCfg = Test|Any CPU
		{496A906C-0E46-4C22-B854-84242D8264AA}.Test|Any CPU.Build.0 = Test|Any CPU
		{C0E79067-EC83-4EEC-88D9-B913282D9D47}.Debug|Any CPU.ActiveCfg = Debug|Any CPU
		{C0E79067-EC83-4EEC-88D9-B913282D9D47}.Debug|Any CPU.Build.0 = Debug|Any CPU
		{C0E79067-EC83-4EEC-88D9-B913282D9D47}.Dev|Any CPU.ActiveCfg = Dev|Any CPU
		{C0E79067-EC83-4EEC-88D9-B913282D9D47}.Dev|Any CPU.Build.0 = Dev|Any CPU
		{C0E79067-EC83-4EEC-88D9-B913282D9D47}.Processing|Any CPU.ActiveCfg = Processing|Any CPU
		{C0E79067-EC83-4EEC-88D9-B913282D9D47}.Processing|Any CPU.Build.0 = Processing|Any CPU
		{C0E79067-EC83-4EEC-88D9-B913282D9D47}.Production|Any CPU.ActiveCfg = Production|Any CPU
		{C0E79067-EC83-4EEC-88D9-B913282D9D47}.Production|Any CPU.Build.0 = Production|Any CPU
		{C0E79067-EC83-4EEC-88D9-B913282D9D47}.Release|Any CPU.ActiveCfg = Release|Any CPU
		{C0E79067-EC83-4EEC-88D9-B913282D9D47}.Release|Any CPU.Build.0 = Release|Any CPU
		{C0E79067-EC83-4EEC-88D9-B913282D9D47}.Staging|Any CPU.ActiveCfg = Staging|Any CPU
		{C0E79067-EC83-4EEC-88D9-B913282D9D47}.Staging|Any CPU.Build.0 = Staging|Any CPU
		{C0E79067-EC83-4EEC-88D9-B913282D9D47}.Test|Any CPU.ActiveCfg = Test|Any CPU
		{C0E79067-EC83-4EEC-88D9-B913282D9D47}.Test|Any CPU.Build.0 = Test|Any CPU
	EndGlobalSection
	GlobalSection(SolutionProperties) = preSolution
		HideSolutionNode = FALSE
	EndGlobalSection
EndGlobal
