
Microsoft Visual Studio Solution File, Format Version 12.00
# Visual Studio 14
VisualStudioVersion = 14.0.24720.0
MinimumVisualStudioVersion = 10.0.40219.1
Project("{FAE04EC0-301F-11D3-BF4B-00C04F79EFBC}") = "CchWebAPI.Tests", "..\CchWebAPI\CchWebAPI.Tests\CchWebAPI.Tests.csproj", "{E02C588D-7B81-4362-8F00-8712E838AE68}"
EndProject
Project("{FAE04EC0-301F-11D3-BF4B-00C04F79EFBC}") = "CchWebAPI", "..\CchWebAPI\CchWebAPI\CchWebAPI.csproj", "{496A906C-0E46-4C22-B854-84242D8264AA}"
EndProject
Project("{FAE04EC0-301F-11D3-BF4B-00C04F79EFBC}") = "DynamicAnimation", "..\CCH Animations\DynamicAnimation\DynamicAnimation\DynamicAnimation.csproj", "{C0E79067-EC83-4EEC-88D9-B913282D9D47}"
EndProject
Project("{FAE04EC0-301F-11D3-BF4B-00C04F79EFBC}") = "ClearCost.Web", "..\..\Packages\ClearCost.Web\ClearCost.Web.csproj", "{D6D9FCCD-54D0-4FE4-BFC7-78453D32E094}"
EndProject
Global
	GlobalSection(SolutionConfigurationPlatforms) = preSolution
		Debug|Any CPU = Debug|Any CPU
		Release|Any CPU = Release|Any CPU
	EndGlobalSection
	GlobalSection(ProjectConfigurationPlatforms) = postSolution
		{E02C588D-7B81-4362-8F00-8712E838AE68}.Debug|Any CPU.ActiveCfg = Debug|Any CPU
		{E02C588D-7B81-4362-8F00-8712E838AE68}.Debug|Any CPU.Build.0 = Debug|Any CPU
		{E02C588D-7B81-4362-8F00-8712E838AE68}.Release|Any CPU.ActiveCfg = Release|Any CPU
		{E02C588D-7B81-4362-8F00-8712E838AE68}.Release|Any CPU.Build.0 = Release|Any CPU
		{496A906C-0E46-4C22-B854-84242D8264AA}.Debug|Any CPU.ActiveCfg = Debug|Any CPU
		{496A906C-0E46-4C22-B854-84242D8264AA}.Debug|Any CPU.Build.0 = Debug|Any CPU
		{496A906C-0E46-4C22-B854-84242D8264AA}.Release|Any CPU.ActiveCfg = Release|Any CPU
		{496A906C-0E46-4C22-B854-84242D8264AA}.Release|Any CPU.Build.0 = Release|Any CPU
		{C0E79067-EC83-4EEC-88D9-B913282D9D47}.Debug|Any CPU.ActiveCfg = Debug|Any CPU
		{C0E79067-EC83-4EEC-88D9-B913282D9D47}.Debug|Any CPU.Build.0 = Debug|Any CPU
		{C0E79067-EC83-4EEC-88D9-B913282D9D47}.Release|Any CPU.ActiveCfg = Release|Any CPU
		{C0E79067-EC83-4EEC-88D9-B913282D9D47}.Release|Any CPU.Build.0 = Release|Any CPU
		{D6D9FCCD-54D0-4FE4-BFC7-78453D32E094}.Debug|Any CPU.ActiveCfg = Debug|Any CPU
		{D6D9FCCD-54D0-4FE4-BFC7-78453D32E094}.Debug|Any CPU.Build.0 = Debug|Any CPU
		{D6D9FCCD-54D0-4FE4-BFC7-78453D32E094}.Release|Any CPU.ActiveCfg = Release|Any CPU
		{D6D9FCCD-54D0-4FE4-BFC7-78453D32E094}.Release|Any CPU.Build.0 = Release|Any CPU
	EndGlobalSection
	GlobalSection(SolutionProperties) = preSolution
		HideSolutionNode = FALSE
	EndGlobalSection
EndGlobal
